{
  "version": 4,
  "terraform_version": "0.14.9",
  "serial": 39,
  "lineage": "fcd7ad48-ae7a-f0fb-57cd-9b047de9ae12",
  "outputs": {
    "id": {
      "value": "Droplet web: 104.131.90.127",
      "type": "string"
    },
    "size": {
      "value": "Droplet web: s-1vcpu-1gb",
      "type": "string"
    }
  },
  "resources": [
    {
      "mode": "data",
      "type": "digitalocean_ssh_key",
      "name": "cris_ssh",
      "provider": "provider[\"registry.terraform.io/digitalocean/digitalocean\"]",
      "instances": [
        {
          "schema_version": 0,
          "attributes": {
            "fingerprint": "59:49:4b:11:2a:4f:40:61:79:cd:c7:57:9d:16:70:84",
            "id": 29857610,
            "name": "Rita-Home",
            "public_key": "ssh-rsa AAAAB3NzaC1yc2EAAAADAQABAAABgQClglL6OVPJWeH6hD/Q23n0TmCrsfKMY5pzuYQ1BxPMkZSuZLIwn7M89mEnQfp2uzo/pmbJ/aifz9Nh5fL+YlbqjMUUOHICYS51JVkYoLe7dd4lEq3s6mAPalHUaBKnqBeRLPw3f7a5K4t0GDgvLyhX6Qk5KRifWO2HxwSodBN3SKXTtlUJ4LkFZBIh/ADUrD2w2sKN6qD4MM6Qm1xh8H8roRR5XkuZgOfaGaqXOs5AfBIgA8hdTjOoud0PnEJwN/zWjiPYu8gTJOXFmXOKvCgsmoW9C0kiwuq6dFOFpOlsIareNOBDQo7PtDTn1bcHvsnws87rdeHmjGAyCTdvC5alcrRX8ZH06/JnSqbNmENLXNEsuC0YJxx+Vu30wf+GeAxkTHwAH1BwbLjNfoE7+nzsZ+lIcLOrHseLAUA2cPf54AKJVPf9TFW0N2R1fGde+CtV43up6y6ZCzFBOvbblT+/9Q8h/CNj/waLy89hVXB2ZjgQuI9X7DNYB3HcofMdtjU= metano@Rita"
          },
          "sensitive_attributes": []
        }
      ]
    },
    {
      "mode": "managed",
      "type": "digitalocean_droplet",
      "name": "web2",
      "provider": "provider[\"registry.terraform.io/digitalocean/digitalocean\"]",
      "instances": [
        {
          "schema_version": 1,
          "attributes": {
            "backups": false,
            "created_at": "2021-04-03T16:37:29Z",
            "disk": 25,
            "id": "239838732",
            "image": "ubuntu-18-04-x64",
            "ipv4_address": "104.131.90.127",
            "ipv4_address_private": "10.108.0.2",
            "ipv6": false,
            "ipv6_address": "",
            "locked": false,
            "memory": 1024,
            "monitoring": true,
            "name": "example-terraform",
            "price_hourly": 0.00744,
            "price_monthly": 5,
            "private_networking": true,
            "region": "nyc3",
            "resize_disk": true,
            "size": "s-1vcpu-1gb",
            "ssh_keys": [
              "29857610"
            ],
            "status": "active",
            "tags": null,
            "urn": "do:droplet:239838732",
            "user_data": null,
            "vcpus": 1,
            "volume_ids": [],
            "vpc_uuid": "e5cdff9c-840e-4874-bd66-7e760173f6fc"
          },
          "sensitive_attributes": [],
          "private": "eyJzY2hlbWFfdmVyc2lvbiI6IjEifQ==",
          "dependencies": [
            "data.digitalocean_ssh_key.cris_ssh"
          ]
        }
      ]
    }
  ]
}
